
Microsoft Visual Studio Solution File, Format Version 9.00
# Visual Studio 2005
Project("{FAE04EC0-301F-11D3-BF4B-00C04F79EFBC}") = "BenefitsListCS", "BenefitsListCS\BenefitsListCS.csproj", "{58C7E41D-EEAD-41A8-800B-FB61CA05B172}"
	ProjectSection(WebsiteProperties) = preProject
		Debug.AspNetCompiler.Debug = "True"
		Release.AspNetCompiler.Debug = "False"
	EndProjectSection
EndProject
Project("{E24C65DC-7377-472B-9ABA-BC803B73C61A}") = "http://localhost/MCSD/ASP.NET Solution Folder/2310LabApplication/BenefitsCS/", "http://localhost/MCSD/ASP.NET Solution Folder/2310LabApplication/BenefitsCS", "{652404CB-B496-4DB6-92C9-17FAD8AF805C}"
	ProjectSection(WebsiteProperties) = preProject
		ProjectReferences = "{58C7E41D-EEAD-41A8-800B-FB61CA05B172}|BenefitsListCS.dll;"
		Debug.AspNetCompiler.VirtualPath = "/BenefitsCS"
		Debug.AspNetCompiler.PhysicalPath = "BenefitsCS\"
		Debug.AspNetCompiler.TargetPath = "PrecompiledWeb\BenefitsCS\"
		Debug.AspNetCompiler.Updateable = "true"
		Debug.AspNetCompiler.ForceOverwrite = "true"
		Debug.AspNetCompiler.FixedNames = "false"
		Debug.AspNetCompiler.Debug = "True"
		Release.AspNetCompiler.VirtualPath = "/BenefitsCS"
		Release.AspNetCompiler.PhysicalPath = "BenefitsCS\"
		Release.AspNetCompiler.TargetPath = "PrecompiledWeb\BenefitsCS\"
		Release.AspNetCompiler.Updateable = "true"
		Release.AspNetCompiler.ForceOverwrite = "true"
		Release.AspNetCompiler.FixedNames = "false"
		Release.AspNetCompiler.Debug = "False"
		SlnRelativePath = "BenefitsCS\"
		DefaultWebSiteLanguage = "Visual C#"
	EndProjectSection
EndProject
Global
	GlobalSection(SolutionConfigurationPlatforms) = preSolution
		Debug|.NET = Debug|.NET
		Debug|Any CPU = Debug|Any CPU
		Debug|Mixed Platforms = Debug|Mixed Platforms
		Release|.NET = Release|.NET
		Release|Any CPU = Release|Any CPU
		Release|Mixed Platforms = Release|Mixed Platforms
	EndGlobalSection
	GlobalSection(ProjectConfigurationPlatforms) = postSolution
		{58C7E41D-EEAD-41A8-800B-FB61CA05B172}.Debug|.NET.ActiveCfg = Debug|Any CPU
		{58C7E41D-EEAD-41A8-800B-FB61CA05B172}.Debug|Any CPU.ActiveCfg = Debug|Any CPU
		{58C7E41D-EEAD-41A8-800B-FB61CA05B172}.Debug|Any CPU.Build.0 = Debug|Any CPU
		{58C7E41D-EEAD-41A8-800B-FB61CA05B172}.Debug|Mixed Platforms.ActiveCfg = Debug|Any CPU
		{58C7E41D-EEAD-41A8-800B-FB61CA05B172}.Debug|Mixed Platforms.Build.0 = Debug|Any CPU
		{58C7E41D-EEAD-41A8-800B-FB61CA05B172}.Release|.NET.ActiveCfg = Release|Any CPU
		{58C7E41D-EEAD-41A8-800B-FB61CA05B172}.Release|Any CPU.ActiveCfg = Release|Any CPU
		{58C7E41D-EEAD-41A8-800B-FB61CA05B172}.Release|Any CPU.Build.0 = Release|Any CPU
		{58C7E41D-EEAD-41A8-800B-FB61CA05B172}.Release|Mixed Platforms.ActiveCfg = Release|Any CPU
		{58C7E41D-EEAD-41A8-800B-FB61CA05B172}.Release|Mixed Platforms.Build.0 = Release|Any CPU
		{652404CB-B496-4DB6-92C9-17FAD8AF805C}.Debug|.NET.ActiveCfg = Debug|.NET
		{652404CB-B496-4DB6-92C9-17FAD8AF805C}.Debug|.NET.Build.0 = Debug|.NET
		{652404CB-B496-4DB6-92C9-17FAD8AF805C}.Debug|Any CPU.ActiveCfg = Debug|.NET
		{652404CB-B496-4DB6-92C9-17FAD8AF805C}.Debug|Mixed Platforms.ActiveCfg = Debug|.NET
		{652404CB-B496-4DB6-92C9-17FAD8AF805C}.Debug|Mixed Platforms.Build.0 = Debug|.NET
		{652404CB-B496-4DB6-92C9-17FAD8AF805C}.Release|.NET.ActiveCfg = Debug|.NET
		{652404CB-B496-4DB6-92C9-17FAD8AF805C}.Release|.NET.Build.0 = Debug|.NET
		{652404CB-B496-4DB6-92C9-17FAD8AF805C}.Release|Any CPU.ActiveCfg = Debug|.NET
		{652404CB-B496-4DB6-92C9-17FAD8AF805C}.Release|Mixed Platforms.ActiveCfg = Debug|.NET
		{652404CB-B496-4DB6-92C9-17FAD8AF805C}.Release|Mixed Platforms.Build.0 = Debug|.NET
	EndGlobalSection
	GlobalSection(SolutionProperties) = preSolution
		HideSolutionNode = FALSE
	EndGlobalSection
EndGlobal
