Microsoft Visual Studio Solution File, Format Version 7.00
Project("{FAE04EC0-301F-11D3-BF4B-00C04F79EFBC}") = "CallClassCS", "http://localhost/CallClassCS/CallClassCS.csproj", "{4C13079C-5C42-4603-8992-106642197CC1}"
EndProject
Project("{F184B08F-C81C-45F6-A57F-5ABD9991F28F}") = "VBClassLibrary", "..\VBClassLibrary\VBClassLibrary.vbproj", "{736E52CC-048E-41DE-89B0-8F8EA13D74D3}"
EndProject
Project("{FAE04EC0-301F-11D3-BF4B-00C04F79EFBC}") = "CSharpClassLibrary", "..\CSharpClassLibrary\CSharpClassLibrary.csproj", "{20E71CCF-0117-4844-8DF0-696EE2859C8E}"
EndProject
Global
	GlobalSection(SolutionConfiguration) = preSolution
		ConfigName.0 = Debug
		ConfigName.1 = Release
	EndGlobalSection
	GlobalSection(ProjectDependencies) = postSolution
	EndGlobalSection
	GlobalSection(ProjectConfiguration) = postSolution
		{4C13079C-5C42-4603-8992-106642197CC1}.Debug.ActiveCfg = Debug|.NET
		{4C13079C-5C42-4603-8992-106642197CC1}.Debug.Build.0 = Debug|.NET
		{4C13079C-5C42-4603-8992-106642197CC1}.Release.ActiveCfg = Release|.NET
		{4C13079C-5C42-4603-8992-106642197CC1}.Release.Build.0 = Release|.NET
		{736E52CC-048E-41DE-89B0-8F8EA13D74D3}.Debug.ActiveCfg = Debug|.NET
		{736E52CC-048E-41DE-89B0-8F8EA13D74D3}.Debug.Build.0 = Debug|.NET
		{736E52CC-048E-41DE-89B0-8F8EA13D74D3}.Release.ActiveCfg = Release|.NET
		{736E52CC-048E-41DE-89B0-8F8EA13D74D3}.Release.Build.0 = Release|.NET
		{20E71CCF-0117-4844-8DF0-696EE2859C8E}.Debug.ActiveCfg = Debug|.NET
		{20E71CCF-0117-4844-8DF0-696EE2859C8E}.Debug.Build.0 = Debug|.NET
		{20E71CCF-0117-4844-8DF0-696EE2859C8E}.Release.ActiveCfg = Release|.NET
		{20E71CCF-0117-4844-8DF0-696EE2859C8E}.Release.Build.0 = Release|.NET
	EndGlobalSection
	GlobalSection(ExtensibilityGlobals) = postSolution
	EndGlobalSection
	GlobalSection(ExtensibilityAddIns) = postSolution
	EndGlobalSection
EndGlobal
