Microsoft Visual Studio Solution File, Format Version 7.00
Project("{F184B08F-C81C-45F6-A57F-5ABD9991F28F}") = "CreateDataSets", "CreateDataSets.vbproj", "{CA135098-4AAD-4C52-8F7D-10DC375B428F}"
EndProject
Global
	GlobalSection(SolutionConfiguration) = preSolution
		ConfigName.0 = Debug
		ConfigName.1 = Release
	EndGlobalSection
	GlobalSection(ProjectDependencies) = postSolution
	EndGlobalSection
	GlobalSection(ProjectConfiguration) = postSolution
		{CA135098-4AAD-4C52-8F7D-10DC375B428F}.Debug.ActiveCfg = Debug|.NET
		{CA135098-4AAD-4C52-8F7D-10DC375B428F}.Debug.Build.0 = Debug|.NET
		{CA135098-4AAD-4C52-8F7D-10DC375B428F}.Release.ActiveCfg = Release|.NET
		{CA135098-4AAD-4C52-8F7D-10DC375B428F}.Release.Build.0 = Release|.NET
	EndGlobalSection
	GlobalSection(ExtensibilityGlobals) = postSolution
	EndGlobalSection
	GlobalSection(ExtensibilityAddIns) = postSolution
	EndGlobalSection
EndGlobal
