Microsoft Visual Studio Solution File, Format Version 7.00
Project("{F184B08F-C81C-45F6-A57F-5ABD9991F28F}") = "ProcessingMultipleRows", "ProcessingMultipleRows.vbproj", "{B9D15B08-162E-4EF3-BB69-4084B75E4CB8}"
EndProject
Global
	GlobalSection(SolutionConfiguration) = preSolution
		ConfigName.0 = Debug
		ConfigName.1 = Release
	EndGlobalSection
	GlobalSection(ProjectDependencies) = postSolution
	EndGlobalSection
	GlobalSection(ProjectConfiguration) = postSolution
		{B9D15B08-162E-4EF3-BB69-4084B75E4CB8}.Debug.ActiveCfg = Debug|.NET
		{B9D15B08-162E-4EF3-BB69-4084B75E4CB8}.Debug.Build.0 = Debug|.NET
		{B9D15B08-162E-4EF3-BB69-4084B75E4CB8}.Release.ActiveCfg = Release|.NET
		{B9D15B08-162E-4EF3-BB69-4084B75E4CB8}.Release.Build.0 = Release|.NET
	EndGlobalSection
	GlobalSection(ExtensibilityGlobals) = postSolution
	EndGlobalSection
	GlobalSection(ExtensibilityAddIns) = postSolution
	EndGlobalSection
EndGlobal
