Microsoft Visual Studio Solution File, Format Version 8.00
Project("{FAE04EC0-301F-11D3-BF4B-00C04F79EFBC}") = "Invoice_XMLParser", "Invoice_XMLParser.csproj", "{11797213-B2F6-4DEC-97D0-84554B97A3BB}"
	ProjectSection(ProjectDependencies) = postProject
	EndProjectSection
EndProject
Global
	GlobalSection(SolutionConfiguration) = preSolution
		Debug = Debug
		Release = Release
	EndGlobalSection
	GlobalSection(ProjectConfiguration) = postSolution
		{11797213-B2F6-4DEC-97D0-84554B97A3BB}.Debug.ActiveCfg = Debug|.NET
		{11797213-B2F6-4DEC-97D0-84554B97A3BB}.Debug.Build.0 = Debug|.NET
		{11797213-B2F6-4DEC-97D0-84554B97A3BB}.Release.ActiveCfg = Release|.NET
		{11797213-B2F6-4DEC-97D0-84554B97A3BB}.Release.Build.0 = Release|.NET
	EndGlobalSection
	GlobalSection(ExtensibilityGlobals) = postSolution
	EndGlobalSection
	GlobalSection(ExtensibilityAddIns) = postSolution
	EndGlobalSection
EndGlobal
