Microsoft Visual Studio Solution File, Format Version 7.00
Project("{FAE04EC0-301F-11D3-BF4B-00C04F79EFBC}") = "ConnectedApplication", "ConnectedApplication.csproj", "{2907B700-AE84-499C-AF0C-11DE694B63CC}"
EndProject
Global
	GlobalSection(SolutionConfiguration) = preSolution
		ConfigName.0 = Debug
		ConfigName.1 = Release
	EndGlobalSection
	GlobalSection(ProjectDependencies) = postSolution
	EndGlobalSection
	GlobalSection(ProjectConfiguration) = postSolution
		{2907B700-AE84-499C-AF0C-11DE694B63CC}.Debug.ActiveCfg = Debug|.NET
		{2907B700-AE84-499C-AF0C-11DE694B63CC}.Debug.Build.0 = Debug|.NET
		{2907B700-AE84-499C-AF0C-11DE694B63CC}.Release.ActiveCfg = Release|.NET
		{2907B700-AE84-499C-AF0C-11DE694B63CC}.Release.Build.0 = Release|.NET
	EndGlobalSection
	GlobalSection(ExtensibilityGlobals) = postSolution
	EndGlobalSection
	GlobalSection(ExtensibilityAddIns) = postSolution
	EndGlobalSection
EndGlobal
