Microsoft Visual Studio Solution File, Format Version 7.00
Project("{F184B08F-C81C-45F6-A57F-5ABD9991F28F}") = "ConnectedApplication", "ConnectedApplication.vbproj", "{FBA4C630-997B-4626-A0FF-B19C94B986A3}"
EndProject
Global
	GlobalSection(SolutionConfiguration) = preSolution
		ConfigName.0 = Debug
		ConfigName.1 = Release
	EndGlobalSection
	GlobalSection(ProjectDependencies) = postSolution
	EndGlobalSection
	GlobalSection(ProjectConfiguration) = postSolution
		{FBA4C630-997B-4626-A0FF-B19C94B986A3}.Debug.ActiveCfg = Debug|.NET
		{FBA4C630-997B-4626-A0FF-B19C94B986A3}.Debug.Build.0 = Debug|.NET
		{FBA4C630-997B-4626-A0FF-B19C94B986A3}.Release.ActiveCfg = Release|.NET
		{FBA4C630-997B-4626-A0FF-B19C94B986A3}.Release.Build.0 = Release|.NET
	EndGlobalSection
	GlobalSection(ExtensibilityGlobals) = postSolution
	EndGlobalSection
	GlobalSection(ExtensibilityAddIns) = postSolution
	EndGlobalSection
EndGlobal
