Microsoft Visual Studio Solution File, Format Version 7.00
Project("{FAE04EC0-301F-11D3-BF4B-00C04F79EFBC}") = "OnTheRoad", "OnTheRoad.csproj", "{55972796-686C-4A07-B677-DD307A0AC79C}"
EndProject
Global
	GlobalSection(SolutionConfiguration) = preSolution
		ConfigName.0 = Debug
		ConfigName.1 = Release
	EndGlobalSection
	GlobalSection(ProjectDependencies) = postSolution
	EndGlobalSection
	GlobalSection(ProjectConfiguration) = postSolution
		{55972796-686C-4A07-B677-DD307A0AC79C}.Debug.ActiveCfg = Debug|.NET
		{55972796-686C-4A07-B677-DD307A0AC79C}.Debug.Build.0 = Debug|.NET
		{55972796-686C-4A07-B677-DD307A0AC79C}.Release.ActiveCfg = Release|.NET
		{55972796-686C-4A07-B677-DD307A0AC79C}.Release.Build.0 = Release|.NET
	EndGlobalSection
	GlobalSection(ExtensibilityGlobals) = postSolution
	EndGlobalSection
	GlobalSection(ExtensibilityAddIns) = postSolution
	EndGlobalSection
EndGlobal
