Microsoft Visual Studio Solution File, Format Version 7.00
Project("{FAE04EC0-301F-11D3-BF4B-00C04F79EFBC}") = "CarTests", "CarTests.csproj", "{708A2795-3361-4053-8809-CE1C9A838BC9}"
EndProject
Project("{FAE04EC0-301F-11D3-BF4B-00C04F79EFBC}") = "Car", "..\Car\Car.csproj", "{D24B2CF6-902D-4351-A8E4-775926EB1027}"
EndProject
Global
	GlobalSection(SolutionConfiguration) = preSolution
		ConfigName.0 = Debug
		ConfigName.1 = Release
	EndGlobalSection
	GlobalSection(ProjectDependencies) = postSolution
	EndGlobalSection
	GlobalSection(ProjectConfiguration) = postSolution
		{708A2795-3361-4053-8809-CE1C9A838BC9}.Debug.ActiveCfg = Debug|.NET
		{708A2795-3361-4053-8809-CE1C9A838BC9}.Debug.Build.0 = Debug|.NET
		{708A2795-3361-4053-8809-CE1C9A838BC9}.Release.ActiveCfg = Release|.NET
		{708A2795-3361-4053-8809-CE1C9A838BC9}.Release.Build.0 = Release|.NET
		{D24B2CF6-902D-4351-A8E4-775926EB1027}.Debug.ActiveCfg = Debug|.NET
		{D24B2CF6-902D-4351-A8E4-775926EB1027}.Debug.Build.0 = Debug|.NET
		{D24B2CF6-902D-4351-A8E4-775926EB1027}.Release.ActiveCfg = Release|.NET
		{D24B2CF6-902D-4351-A8E4-775926EB1027}.Release.Build.0 = Release|.NET
	EndGlobalSection
	GlobalSection(SolutionItems) = postSolution
	EndGlobalSection
	GlobalSection(ExtensibilityGlobals) = postSolution
	EndGlobalSection
	GlobalSection(ExtensibilityAddIns) = postSolution
	EndGlobalSection
EndGlobal
