Microsoft Visual Studio Solution File, Format Version 7.00
Project("{8BC9CEB8-8B4A-11D0-8D11-00A0C91BC942}") = "Calendar2", "Calendar2.vcproj", "{141969E3-01CB-4F42-8DE8-11748F4A25CB}"
EndProject
Global
	GlobalSection(SolutionConfiguration) = preSolution
		ConfigName.0 = Debug
		ConfigName.1 = Release
	EndGlobalSection
	GlobalSection(ProjectDependencies) = postSolution
	EndGlobalSection
	GlobalSection(ProjectConfiguration) = postSolution
		{141969E3-01CB-4F42-8DE8-11748F4A25CB}.Debug.ActiveCfg = Debug|Win32
		{141969E3-01CB-4F42-8DE8-11748F4A25CB}.Debug.Build.0 = Debug|Win32
		{141969E3-01CB-4F42-8DE8-11748F4A25CB}.Release.ActiveCfg = Release|Win32
		{141969E3-01CB-4F42-8DE8-11748F4A25CB}.Release.Build.0 = Release|Win32
	EndGlobalSection
	GlobalSection(ExtensibilityGlobals) = postSolution
	EndGlobalSection
	GlobalSection(ExtensibilityAddIns) = postSolution
	EndGlobalSection
EndGlobal
