Microsoft Visual Studio Solution File, Format Version 7.00
Project("{8BC9CEB8-8B4A-11D0-8D11-00A0C91BC942}") = "Selection Sort", "Selection Sort.vcproj", "{23561BAC-C695-4252-B431-AB39B9BB94C4}"
EndProject
Global
	GlobalSection(SolutionConfiguration) = preSolution
		ConfigName.0 = Debug
		ConfigName.1 = Release
	EndGlobalSection
	GlobalSection(ProjectDependencies) = postSolution
	EndGlobalSection
	GlobalSection(ProjectConfiguration) = postSolution
		{23561BAC-C695-4252-B431-AB39B9BB94C4}.Debug.ActiveCfg = Debug|Win32
		{23561BAC-C695-4252-B431-AB39B9BB94C4}.Debug.Build.0 = Debug|Win32
		{23561BAC-C695-4252-B431-AB39B9BB94C4}.Release.ActiveCfg = Release|Win32
		{23561BAC-C695-4252-B431-AB39B9BB94C4}.Release.Build.0 = Release|Win32
	EndGlobalSection
	GlobalSection(ExtensibilityGlobals) = postSolution
	EndGlobalSection
	GlobalSection(ExtensibilityAddIns) = postSolution
	EndGlobalSection
EndGlobal
