Microsoft Visual Studio Solution File, Format Version 7.00
Project("{FAE04EC0-301F-11D3-BF4B-00C04F79EFBC}") = "Extra Credit", "Extra Credit\Extra Credit.csproj", "{989F3FCD-0960-44C9-B0E8-579A6D6D7B1E}"
EndProject
Global
	GlobalSection(SolutionConfiguration) = preSolution
		ConfigName.0 = Debug
		ConfigName.1 = Release
	EndGlobalSection
	GlobalSection(ProjectDependencies) = postSolution
	EndGlobalSection
	GlobalSection(ProjectConfiguration) = postSolution
		{989F3FCD-0960-44C9-B0E8-579A6D6D7B1E}.Debug.ActiveCfg = Debug|.NET
		{989F3FCD-0960-44C9-B0E8-579A6D6D7B1E}.Debug.Build.0 = Debug|.NET
		{989F3FCD-0960-44C9-B0E8-579A6D6D7B1E}.Release.ActiveCfg = Release|.NET
		{989F3FCD-0960-44C9-B0E8-579A6D6D7B1E}.Release.Build.0 = Release|.NET
	EndGlobalSection
	GlobalSection(ExtensibilityGlobals) = postSolution
	EndGlobalSection
	GlobalSection(ExtensibilityAddIns) = postSolution
	EndGlobalSection
EndGlobal
