Microsoft Visual Studio Solution File, Format Version 7.00
Project("{F184B08F-C81C-45F6-A57F-5ABD9991F28F}") = "DataBinding", "DataBinding.vbproj", "{E39FF9D4-7B34-4E35-A465-C179585EEA9F}"
EndProject
Global
	GlobalSection(SolutionConfiguration) = preSolution
		ConfigName.0 = Debug
		ConfigName.1 = Release
	EndGlobalSection
	GlobalSection(ProjectDependencies) = postSolution
	EndGlobalSection
	GlobalSection(ProjectConfiguration) = postSolution
		{E39FF9D4-7B34-4E35-A465-C179585EEA9F}.Debug.ActiveCfg = Debug|.NET
		{E39FF9D4-7B34-4E35-A465-C179585EEA9F}.Debug.Build.0 = Debug|.NET
		{E39FF9D4-7B34-4E35-A465-C179585EEA9F}.Release.ActiveCfg = Release|.NET
		{E39FF9D4-7B34-4E35-A465-C179585EEA9F}.Release.Build.0 = Release|.NET
	EndGlobalSection
	GlobalSection(ExtensibilityGlobals) = postSolution
	EndGlobalSection
	GlobalSection(ExtensibilityAddIns) = postSolution
	EndGlobalSection
EndGlobal
