Microsoft Visual Studio Solution File, Format Version 8.00
Project("{8BC9CEB8-8B4A-11D0-8D11-00A0C91BC942}") = "Black Jack", "Black Jack.vcproj", "{1E0F7A59-4198-4B42-A2D8-074C02413E08}"
	ProjectSection(ProjectDependencies) = postProject
	EndProjectSection
EndProject
Global
	GlobalSection(SolutionConfiguration) = preSolution
		Debug = Debug
		Release = Release
	EndGlobalSection
	GlobalSection(ProjectConfiguration) = postSolution
		{1E0F7A59-4198-4B42-A2D8-074C02413E08}.Debug.ActiveCfg = Debug|Win32
		{1E0F7A59-4198-4B42-A2D8-074C02413E08}.Debug.Build.0 = Debug|Win32
		{1E0F7A59-4198-4B42-A2D8-074C02413E08}.Release.ActiveCfg = Release|Win32
		{1E0F7A59-4198-4B42-A2D8-074C02413E08}.Release.Build.0 = Release|Win32
	EndGlobalSection
	GlobalSection(ExtensibilityGlobals) = postSolution
	EndGlobalSection
	GlobalSection(ExtensibilityAddIns) = postSolution
	EndGlobalSection
EndGlobal
