Microsoft Visual Studio Solution File, Format Version 7.00
Project("{F184B08F-C81C-45F6-A57F-5ABD9991F28F}") = "LoadingDataSets", "LoadingDataSets.vbproj", "{BF8BAD25-3F9F-4B3F-905E-7014B4836DFE}"
EndProject
Global
	GlobalSection(SolutionConfiguration) = preSolution
		ConfigName.0 = Debug
		ConfigName.1 = Release
	EndGlobalSection
	GlobalSection(ProjectDependencies) = postSolution
	EndGlobalSection
	GlobalSection(ProjectConfiguration) = postSolution
		{BF8BAD25-3F9F-4B3F-905E-7014B4836DFE}.Debug.ActiveCfg = Debug|.NET
		{BF8BAD25-3F9F-4B3F-905E-7014B4836DFE}.Debug.Build.0 = Debug|.NET
		{BF8BAD25-3F9F-4B3F-905E-7014B4836DFE}.Release.ActiveCfg = Release|.NET
		{BF8BAD25-3F9F-4B3F-905E-7014B4836DFE}.Release.Build.0 = Release|.NET
	EndGlobalSection
	GlobalSection(ExtensibilityGlobals) = postSolution
	EndGlobalSection
	GlobalSection(ExtensibilityAddIns) = postSolution
	EndGlobalSection
EndGlobal
