Microsoft Visual Studio Solution File, Format Version 7.00
Project("{FAE04EC0-301F-11D3-BF4B-00C04F79EFBC}") = "OnTheRoadWS", "http://localhost/2389/Labs/Lab07/Starter/CS/OnTheRoadWS/OnTheRoadWS.csproj", "{EAC5358F-8B4E-42B9-8C02-C00B4C833168}"
EndProject
Global
	GlobalSection(SolutionConfiguration) = preSolution
		ConfigName.0 = Debug
		ConfigName.1 = Release
	EndGlobalSection
	GlobalSection(ProjectDependencies) = postSolution
	EndGlobalSection
	GlobalSection(ProjectConfiguration) = postSolution
		{EAC5358F-8B4E-42B9-8C02-C00B4C833168}.Debug.ActiveCfg = Debug|.NET
		{EAC5358F-8B4E-42B9-8C02-C00B4C833168}.Debug.Build.0 = Debug|.NET
		{EAC5358F-8B4E-42B9-8C02-C00B4C833168}.Release.ActiveCfg = Release|.NET
		{EAC5358F-8B4E-42B9-8C02-C00B4C833168}.Release.Build.0 = Release|.NET
	EndGlobalSection
	GlobalSection(ExtensibilityGlobals) = postSolution
	EndGlobalSection
	GlobalSection(ExtensibilityAddIns) = postSolution
	EndGlobalSection
EndGlobal
