Microsoft Visual Studio Solution File, Format Version 8.00
Project("{FAE04EC0-301F-11D3-BF4B-00C04F79EFBC}") = "BuildingDataSets", "BuildingDataSets.csproj", "{4AEF220C-EAE0-4890-9DE1-DC7F488F3417}"
	ProjectSection(ProjectDependencies) = postProject
	EndProjectSection
EndProject
Global
	GlobalSection(SolutionConfiguration) = preSolution
		Debug = Debug
		Release = Release
	EndGlobalSection
	GlobalSection(ProjectConfiguration) = postSolution
		{4AEF220C-EAE0-4890-9DE1-DC7F488F3417}.Debug.ActiveCfg = Debug|.NET
		{4AEF220C-EAE0-4890-9DE1-DC7F488F3417}.Debug.Build.0 = Debug|.NET
		{4AEF220C-EAE0-4890-9DE1-DC7F488F3417}.Release.ActiveCfg = Release|.NET
		{4AEF220C-EAE0-4890-9DE1-DC7F488F3417}.Release.Build.0 = Release|.NET
	EndGlobalSection
	GlobalSection(ExtensibilityGlobals) = postSolution
	EndGlobalSection
	GlobalSection(ExtensibilityAddIns) = postSolution
	EndGlobalSection
EndGlobal
